<?xml version="1.0" encoding="UTF-8" standalone="yes" ?>
<CodeBlocks_project_file>
	<FileVersion major="1" minor="6" />
	<Project>
		<Option title="CAT2 UPDATED" />
		<Option pch_mode="2" />
		<Option compiler="gcc" />
		<Build>
			<Target title="Debug">
				<Option output="bin/Debug/CAT2 UPDATED" prefix_auto="1" extension_auto="1" />
				<Option object_output="obj/Debug/" />
				<Option type="1" />
				<Option compiler="gcc" />
				<Compiler>
					<Add option="-g" />
				</Compiler>
			</Target>
			<Target title="Release">
				<Option output="bin/Release/CAT2 UPDATED" prefix_auto="1" extension_auto="1" />
				<Option object_output="obj/Release/" />
				<Option type="1" />
				<Option compiler="gcc" />
				<Compiler>
					<Add option="-O2" />
				</Compiler>
				<Linker>
					<Add option="-s" />
				</Linker>
			</Target>
		</Build>
		<Compiler>
			<Add option="-Wall" />
			<Add option="-fexceptions" />
		</Compiler>
		<Unit filename="adminlog.cpp" />
		<Unit filename="billing.cpp" />
		<Unit filename="billing.h" />
		<Unit filename="cosmetics.dat" />
		<Unit filename="database.cpp" />
		<Unit filename="database.h" />
		<Unit filename="dealer.cpp" />
		<Unit filename="foot.dat" />
		<Unit filename="jewel.dat" />
		<Unit filename="login.cpp" />
		<Unit filename="login.h" />
		<Unit filename="main.cpp" />
		<Unit filename="main.h" />
		<Unit filename="page1.cpp" />
		<Unit filename="saree.dat" />
		<Unit filename="tops.dat" />
		<Extensions>
			<lib_finder disable_auto="1" />
		</Extensions>
	</Project>
</CodeBlocks_project_file>
